
Microsoft Visual Studio Solution File, Format Version 12.00
# Visual Studio Version 17
VisualStudioVersion = 17.11.35208.52
MinimumVisualStudioVersion = 10.0.40219.1
Project("{FAE04EC0-301F-11D3-BF4B-00C04F79EFBC}") = "Exception.WebAPI", "Exception.WebAPI.csproj", "{2C235B7A-FA6B-4E3C-B1E1-AF0062AF4148}"
EndProject
Global
	GlobalSection(SolutionConfigurationPlatforms) = preSolution
		Debug|Any CPU = Debug|Any CPU
		Release|Any CPU = Release|Any CPU
	EndGlobalSection
	GlobalSection(ProjectConfigurationPlatforms) = postSolution
		{2C235B7A-FA6B-4E3C-B1E1-AF0062AF4148}.Debug|Any CPU.ActiveCfg = Debug|Any CPU
		{2C235B7A-FA6B-4E3C-B1E1-AF0062AF4148}.Debug|Any CPU.Build.0 = Debug|Any CPU
		{2C235B7A-FA6B-4E3C-B1E1-AF0062AF4148}.Release|Any CPU.ActiveCfg = Release|Any CPU
		{2C235B7A-FA6B-4E3C-B1E1-AF0062AF4148}.Release|Any CPU.Build.0 = Release|Any CPU
	EndGlobalSection
	GlobalSection(SolutionProperties) = preSolution
		HideSolutionNode = FALSE
	EndGlobalSection
	GlobalSection(ExtensibilityGlobals) = postSolution
		SolutionGuid = {41786848-2404-4D7B-A180-E705E5F76B88}
	EndGlobalSection
EndGlobal
