
Microsoft Visual Studio Solution File, Format Version 12.00
# Visual Studio Version 17
VisualStudioVersion = 17.11.35208.52
MinimumVisualStudioVersion = 10.0.40219.1
Project("{FAE04EC0-301F-11D3-BF4B-00C04F79EFBC}") = "DependencyInjection.ConsoleApp", "DependencyInjection.ConsoleApp.csproj", "{5B3440F6-3B51-48AB-8E51-1811F7283C14}"
EndProject
Global
	GlobalSection(SolutionConfigurationPlatforms) = preSolution
		Debug|Any CPU = Debug|Any CPU
		Release|Any CPU = Release|Any CPU
	EndGlobalSection
	GlobalSection(ProjectConfigurationPlatforms) = postSolution
		{5B3440F6-3B51-48AB-8E51-1811F7283C14}.Debug|Any CPU.ActiveCfg = Debug|Any CPU
		{5B3440F6-3B51-48AB-8E51-1811F7283C14}.Debug|Any CPU.Build.0 = Debug|Any CPU
		{5B3440F6-3B51-48AB-8E51-1811F7283C14}.Release|Any CPU.ActiveCfg = Release|Any CPU
		{5B3440F6-3B51-48AB-8E51-1811F7283C14}.Release|Any CPU.Build.0 = Release|Any CPU
	EndGlobalSection
	GlobalSection(SolutionProperties) = preSolution
		HideSolutionNode = FALSE
	EndGlobalSection
	GlobalSection(ExtensibilityGlobals) = postSolution
		SolutionGuid = {6B89353F-2396-4B99-BB5B-3A4E1AAF6E57}
	EndGlobalSection
EndGlobal
