
Microsoft Visual Studio Solution File, Format Version 12.00
# Visual Studio Version 17
VisualStudioVersion = 17.11.35208.52
MinimumVisualStudioVersion = 10.0.40219.1
Project("{FAE04EC0-301F-11D3-BF4B-00C04F79EFBC}") = "DependencyInjection.WebAPI", "DependencyInjection.WebAPI.csproj", "{32917943-2F7A-4CB1-AB00-26222AD605E9}"
EndProject
Global
	GlobalSection(SolutionConfigurationPlatforms) = preSolution
		Debug|Any CPU = Debug|Any CPU
		Release|Any CPU = Release|Any CPU
	EndGlobalSection
	GlobalSection(ProjectConfigurationPlatforms) = postSolution
		{32917943-2F7A-4CB1-AB00-26222AD605E9}.Debug|Any CPU.ActiveCfg = Debug|Any CPU
		{32917943-2F7A-4CB1-AB00-26222AD605E9}.Debug|Any CPU.Build.0 = Debug|Any CPU
		{32917943-2F7A-4CB1-AB00-26222AD605E9}.Release|Any CPU.ActiveCfg = Release|Any CPU
		{32917943-2F7A-4CB1-AB00-26222AD605E9}.Release|Any CPU.Build.0 = Release|Any CPU
	EndGlobalSection
	GlobalSection(SolutionProperties) = preSolution
		HideSolutionNode = FALSE
	EndGlobalSection
	GlobalSection(ExtensibilityGlobals) = postSolution
		SolutionGuid = {18493E18-85C4-4B73-BAAE-525F385573A1}
	EndGlobalSection
EndGlobal
