
Microsoft Visual Studio Solution File, Format Version 12.00
# Visual Studio Version 17
VisualStudioVersion = 17.10.35027.167
MinimumVisualStudioVersion = 10.0.40219.1
Project("{9A19103F-16F7-4668-BE54-9A1E7A4F7556}") = "Todo.WebAPI", "Todo.WebAPI.csproj", "{FD911128-A4A9-4130-8554-603ACFFFF648}"
EndProject
Global
	GlobalSection(SolutionConfigurationPlatforms) = preSolution
		Debug|Any CPU = Debug|Any CPU
		Release|Any CPU = Release|Any CPU
	EndGlobalSection
	GlobalSection(ProjectConfigurationPlatforms) = postSolution
		{FD911128-A4A9-4130-8554-603ACFFFF648}.Debug|Any CPU.ActiveCfg = Debug|Any CPU
		{FD911128-A4A9-4130-8554-603ACFFFF648}.Debug|Any CPU.Build.0 = Debug|Any CPU
		{FD911128-A4A9-4130-8554-603ACFFFF648}.Release|Any CPU.ActiveCfg = Release|Any CPU
		{FD911128-A4A9-4130-8554-603ACFFFF648}.Release|Any CPU.Build.0 = Release|Any CPU
	EndGlobalSection
	GlobalSection(SolutionProperties) = preSolution
		HideSolutionNode = FALSE
	EndGlobalSection
	GlobalSection(ExtensibilityGlobals) = postSolution
		SolutionGuid = {31D9E0DA-B0B1-417C-86FE-C94BFA1378EF}
	EndGlobalSection
EndGlobal
