
Microsoft Visual Studio Solution File, Format Version 12.00
# Visual Studio Version 17
VisualStudioVersion = 17.10.35027.167
MinimumVisualStudioVersion = 10.0.40219.1
Project("{FAE04EC0-301F-11D3-BF4B-00C04F79EFBC}") = "PersonelApp.WebAPI", "PersonelApp.WebAPI.csproj", "{423A2539-E64B-4236-9248-55242B283CE5}"
EndProject
Global
	GlobalSection(SolutionConfigurationPlatforms) = preSolution
		Debug|Any CPU = Debug|Any CPU
		Release|Any CPU = Release|Any CPU
	EndGlobalSection
	GlobalSection(ProjectConfigurationPlatforms) = postSolution
		{423A2539-E64B-4236-9248-55242B283CE5}.Debug|Any CPU.ActiveCfg = Debug|Any CPU
		{423A2539-E64B-4236-9248-55242B283CE5}.Debug|Any CPU.Build.0 = Debug|Any CPU
		{423A2539-E64B-4236-9248-55242B283CE5}.Release|Any CPU.ActiveCfg = Release|Any CPU
		{423A2539-E64B-4236-9248-55242B283CE5}.Release|Any CPU.Build.0 = Release|Any CPU
	EndGlobalSection
	GlobalSection(SolutionProperties) = preSolution
		HideSolutionNode = FALSE
	EndGlobalSection
	GlobalSection(ExtensibilityGlobals) = postSolution
		SolutionGuid = {C84A02FC-D1D4-4D1A-A086-0A496D13EC63}
	EndGlobalSection
EndGlobal
