
Microsoft Visual Studio Solution File, Format Version 12.00
# Visual Studio Version 17
VisualStudioVersion = 17.10.35027.167
MinimumVisualStudioVersion = 10.0.40219.1
Project("{FAE04EC0-301F-11D3-BF4B-00C04F79EFBC}") = "First.WebAPI", "First.WebAPI.csproj", "{9E7E84D7-E9B7-4308-A133-E2B2D564358A}"
EndProject
Global
	GlobalSection(SolutionConfigurationPlatforms) = preSolution
		Debug|Any CPU = Debug|Any CPU
		Release|Any CPU = Release|Any CPU
	EndGlobalSection
	GlobalSection(ProjectConfigurationPlatforms) = postSolution
		{9E7E84D7-E9B7-4308-A133-E2B2D564358A}.Debug|Any CPU.ActiveCfg = Debug|Any CPU
		{9E7E84D7-E9B7-4308-A133-E2B2D564358A}.Debug|Any CPU.Build.0 = Debug|Any CPU
		{9E7E84D7-E9B7-4308-A133-E2B2D564358A}.Release|Any CPU.ActiveCfg = Release|Any CPU
		{9E7E84D7-E9B7-4308-A133-E2B2D564358A}.Release|Any CPU.Build.0 = Release|Any CPU
	EndGlobalSection
	GlobalSection(SolutionProperties) = preSolution
		HideSolutionNode = FALSE
	EndGlobalSection
	GlobalSection(ExtensibilityGlobals) = postSolution
		SolutionGuid = {CF19A3F7-8E43-45FD-A545-4562FE638DC6}
	EndGlobalSection
EndGlobal
